
Microsoft Visual Studio Solution File, Format Version 12.00
# Visual Studio Version 17
VisualStudioVersion = 17.9.34714.143
MinimumVisualStudioVersion = 10.0.40219.1
Project("{FAE04EC0-301F-11D3-BF4B-00C04F79EFBC}") = "Task12.1.5", "Task12.1.5\Task12.1.5.csproj", "{3D8789EC-7D7F-4995-A306-10010EF07A87}"
EndProject
Global
	GlobalSection(SolutionConfigurationPlatforms) = preSolution
		Debug|Any CPU = Debug|Any CPU
		Release|Any CPU = Release|Any CPU
	EndGlobalSection
	GlobalSection(ProjectConfigurationPlatforms) = postSolution
		{3D8789EC-7D7F-4995-A306-10010EF07A87}.Debug|Any CPU.ActiveCfg = Debug|Any CPU
		{3D8789EC-7D7F-4995-A306-10010EF07A87}.Debug|Any CPU.Build.0 = Debug|Any CPU
		{3D8789EC-7D7F-4995-A306-10010EF07A87}.Release|Any CPU.ActiveCfg = Release|Any CPU
		{3D8789EC-7D7F-4995-A306-10010EF07A87}.Release|Any CPU.Build.0 = Release|Any CPU
	EndGlobalSection
	GlobalSection(SolutionProperties) = preSolution
		HideSolutionNode = FALSE
	EndGlobalSection
	GlobalSection(ExtensibilityGlobals) = postSolution
		SolutionGuid = {59FC6F57-6B40-4278-A11F-A8A3CF1AF0A1}
	EndGlobalSection
EndGlobal
